// !$*UTF8*$!
{
	archiveVersion = 1;
	classes = {
	};
	objectVersion = 56;
	objects = {

/* Begin PBXBuildFile section */
		6EF5B92C2BEE16300085A2FE /* AirbnbCloneApp.swift in Sources */ = {isa = PBXBuildFile; fileRef = 6EF5B92B2BEE16300085A2FE /* AirbnbCloneApp.swift */; };
		6EF5B92E2BEE16300085A2FE /* ContentView.swift in Sources */ = {isa = PBXBuildFile; fileRef = 6EF5B92D2BEE16300085A2FE /* ContentView.swift */; };
		6EF5B9302BEE16320085A2FE /* Assets.xcassets in Resources */ = {isa = PBXBuildFile; fileRef = 6EF5B92F2BEE16320085A2FE /* Assets.xcassets */; };
		6EF5B9332BEE16320085A2FE /* Preview Assets.xcassets in Resources */ = {isa = PBXBuildFile; fileRef = 6EF5B9322BEE16320085A2FE /* Preview Assets.xcassets */; };
		6EF5B9462BEE1EBB0085A2FE /* ExploreView.swift in Sources */ = {isa = PBXBuildFile; fileRef = 6EF5B9452BEE1EBB0085A2FE /* ExploreView.swift */; };
		6EF5B9482BEE20610085A2FE /* ListingItemView.swift in Sources */ = {isa = PBXBuildFile; fileRef = 6EF5B9472BEE20610085A2FE /* ListingItemView.swift */; };
		6EF5B94A2BEE43A70085A2FE /* SearchAndFilterBar.swift in Sources */ = {isa = PBXBuildFile; fileRef = 6EF5B9492BEE43A60085A2FE /* SearchAndFilterBar.swift */; };
		6EF5B94C2BEF7CB20085A2FE /* ListingDetailView.swift in Sources */ = {isa = PBXBuildFile; fileRef = 6EF5B94B2BEF7CB20085A2FE /* ListingDetailView.swift */; };
		6EF5B94F2BEF7E330085A2FE /* ListingImageCarousselView.swift in Sources */ = {isa = PBXBuildFile; fileRef = 6EF5B94E2BEF7E330085A2FE /* ListingImageCarousselView.swift */; };
/* End PBXBuildFile section */

/* Begin PBXFileReference section */
		6EF5B9282BEE16300085A2FE /* AirbnbClone.app */ = {isa = PBXFileReference; explicitFileType = wrapper.application; includeInIndex = 0; path = AirbnbClone.app; sourceTree = BUILT_PRODUCTS_DIR; };
		6EF5B92B2BEE16300085A2FE /* AirbnbCloneApp.swift */ = {isa = PBXFileReference; lastKnownFileType = sourcecode.swift; path = AirbnbCloneApp.swift; sourceTree = "<group>"; };
		6EF5B92D2BEE16300085A2FE /* ContentView.swift */ = {isa = PBXFileReference; lastKnownFileType = sourcecode.swift; path = ContentView.swift; sourceTree = "<group>"; };
		6EF5B92F2BEE16320085A2FE /* Assets.xcassets */ = {isa = PBXFileReference; lastKnownFileType = folder.assetcatalog; path = Assets.xcassets; sourceTree = "<group>"; };
		6EF5B9322BEE16320085A2FE /* Preview Assets.xcassets */ = {isa = PBXFileReference; lastKnownFileType = folder.assetcatalog; path = "Preview Assets.xcassets"; sourceTree = "<group>"; };
		6EF5B9452BEE1EBB0085A2FE /* ExploreView.swift */ = {isa = PBXFileReference; lastKnownFileType = sourcecode.swift; path = ExploreView.swift; sourceTree = "<group>"; };
		6EF5B9472BEE20610085A2FE /* ListingItemView.swift */ = {isa = PBXFileReference; lastKnownFileType = sourcecode.swift; path = ListingItemView.swift; sourceTree = "<group>"; };
		6EF5B9492BEE43A60085A2FE /* SearchAndFilterBar.swift */ = {isa = PBXFileReference; lastKnownFileType = sourcecode.swift; path = SearchAndFilterBar.swift; sourceTree = "<group>"; };
		6EF5B94B2BEF7CB20085A2FE /* ListingDetailView.swift */ = {isa = PBXFileReference; lastKnownFileType = sourcecode.swift; path = ListingDetailView.swift; sourceTree = "<group>"; };
		6EF5B94E2BEF7E330085A2FE /* ListingImageCarousselView.swift */ = {isa = PBXFileReference; lastKnownFileType = sourcecode.swift; path = ListingImageCarousselView.swift; sourceTree = "<group>"; };
/* End PBXFileReference section */

/* Begin PBXFrameworksBuildPhase section */
		6EF5B9252BEE16300085A2FE /* Frameworks */ = {
			isa = PBXFrameworksBuildPhase;
			buildActionMask = 2147483647;
			files = (
			);
			runOnlyForDeploymentPostprocessing = 0;
		};
/* End PBXFrameworksBuildPhase section */

/* Begin PBXGroup section */
		6EF5B91F2BEE16300085A2FE = {
			isa = PBXGroup;
			children = (
				6EF5B92A2BEE16300085A2FE /* AirbnbClone */,
				6EF5B9292BEE16300085A2FE /* Products */,
			);
			sourceTree = "<group>";
		};
		6EF5B9292BEE16300085A2FE /* Products */ = {
			isa = PBXGroup;
			children = (
				6EF5B9282BEE16300085A2FE /* AirbnbClone.app */,
			);
			name = Products;
			sourceTree = "<group>";
		};
		6EF5B92A2BEE16300085A2FE /* AirbnbClone */ = {
			isa = PBXGroup;
			children = (
				6EF5B9392BEE1C430085A2FE /* App */,
				6EF5B93A2BEE1CCE0085A2FE /* Core */,
				6EF5B93B2BEE1CDD0085A2FE /* Extensions */,
				6EF5B93C2BEE1CED0085A2FE /* Models */,
				6EF5B93D2BEE1D650085A2FE /* Utils */,
				6EF5B92D2BEE16300085A2FE /* ContentView.swift */,
				6EF5B92F2BEE16320085A2FE /* Assets.xcassets */,
				6EF5B9312BEE16320085A2FE /* Preview Content */,
			);
			path = AirbnbClone;
			sourceTree = "<group>";
		};
		6EF5B9312BEE16320085A2FE /* Preview Content */ = {
			isa = PBXGroup;
			children = (
				6EF5B9322BEE16320085A2FE /* Preview Assets.xcassets */,
			);
			path = "Preview Content";
			sourceTree = "<group>";
		};
		6EF5B9392BEE1C430085A2FE /* App */ = {
			isa = PBXGroup;
			children = (
				6EF5B92B2BEE16300085A2FE /* AirbnbCloneApp.swift */,
			);
			path = App;
			sourceTree = "<group>";
		};
		6EF5B93A2BEE1CCE0085A2FE /* Core */ = {
			isa = PBXGroup;
			children = (
				6EF5B94D2BEF7DD00085A2FE /* Components */,
				6EF5B93E2BEE1DA60085A2FE /* Explore */,
				6EF5B93F2BEE1DD20085A2FE /* Listings */,
				6EF5B9402BEE1DEC0085A2FE /* MapView */,
				6EF5B9422BEE1E0D0085A2FE /* Root */,
				6EF5B9432BEE1E180085A2FE /* TabBar */,
				6EF5B9412BEE1DFC0085A2FE /* Profile */,
				6EF5B9442BEE1E1E0085A2FE /* WishList */,
			);
			path = Core;
			sourceTree = "<group>";
		};
		6EF5B93B2BEE1CDD0085A2FE /* Extensions */ = {
			isa = PBXGroup;
			children = (
			);
			path = Extensions;
			sourceTree = "<group>";
		};
		6EF5B93C2BEE1CED0085A2FE /* Models */ = {
			isa = PBXGroup;
			children = (
			);
			path = Models;
			sourceTree = "<group>";
		};
		6EF5B93D2BEE1D650085A2FE /* Utils */ = {
			isa = PBXGroup;
			children = (
			);
			path = Utils;
			sourceTree = "<group>";
		};
		6EF5B93E2BEE1DA60085A2FE /* Explore */ = {
			isa = PBXGroup;
			children = (
				6EF5B9452BEE1EBB0085A2FE /* ExploreView.swift */,
				6EF5B9492BEE43A60085A2FE /* SearchAndFilterBar.swift */,
			);
			path = Explore;
			sourceTree = "<group>";
		};
		6EF5B93F2BEE1DD20085A2FE /* Listings */ = {
			isa = PBXGroup;
			children = (
				6EF5B9472BEE20610085A2FE /* ListingItemView.swift */,
				6EF5B94B2BEF7CB20085A2FE /* ListingDetailView.swift */,
			);
			path = Listings;
			sourceTree = "<group>";
		};
		6EF5B9402BEE1DEC0085A2FE /* MapView */ = {
			isa = PBXGroup;
			children = (
			);
			path = MapView;
			sourceTree = "<group>";
		};
		6EF5B9412BEE1DFC0085A2FE /* Profile */ = {
			isa = PBXGroup;
			children = (
			);
			path = Profile;
			sourceTree = "<group>";
		};
		6EF5B9422BEE1E0D0085A2FE /* Root */ = {
			isa = PBXGroup;
			children = (
			);
			path = Root;
			sourceTree = "<group>";
		};
		6EF5B9432BEE1E180085A2FE /* TabBar */ = {
			isa = PBXGroup;
			children = (
			);
			path = TabBar;
			sourceTree = "<group>";
		};
		6EF5B9442BEE1E1E0085A2FE /* WishList */ = {
			isa = PBXGroup;
			children = (
			);
			path = WishList;
			sourceTree = "<group>";
		};
		6EF5B94D2BEF7DD00085A2FE /* Components */ = {
			isa = PBXGroup;
			children = (
				6EF5B94E2BEF7E330085A2FE /* ListingImageCarousselView.swift */,
			);
			path = Components;
			sourceTree = "<group>";
		};
/* End PBXGroup section */

/* Begin PBXNativeTarget section */
		6EF5B9272BEE16300085A2FE /* AirbnbClone */ = {
			isa = PBXNativeTarget;
			buildConfigurationList = 6EF5B9362BEE16320085A2FE /* Build configuration list for PBXNativeTarget "AirbnbClone" */;
			buildPhases = (
				6EF5B9242BEE16300085A2FE /* Sources */,
				6EF5B9252BEE16300085A2FE /* Frameworks */,
				6EF5B9262BEE16300085A2FE /* Resources */,
			);
			buildRules = (
			);
			dependencies = (
			);
			name = AirbnbClone;
			productName = AirbnbClone;
			productReference = 6EF5B9282BEE16300085A2FE /* AirbnbClone.app */;
			productType = "com.apple.product-type.application";
		};
/* End PBXNativeTarget section */

/* Begin PBXProject section */
		6EF5B9202BEE16300085A2FE /* Project object */ = {
			isa = PBXProject;
			attributes = {
				BuildIndependentTargetsInParallel = 1;
				LastSwiftUpdateCheck = 1530;
				LastUpgradeCheck = 1530;
				TargetAttributes = {
					6EF5B9272BEE16300085A2FE = {
						CreatedOnToolsVersion = 15.3;
					};
				};
			};
			buildConfigurationList = 6EF5B9232BEE16300085A2FE /* Build configuration list for PBXProject "AirbnbClone" */;
			compatibilityVersion = "Xcode 14.0";
			developmentRegion = en;
			hasScannedForEncodings = 0;
			knownRegions = (
				en,
				Base,
			);
			mainGroup = 6EF5B91F2BEE16300085A2FE;
			productRefGroup = 6EF5B9292BEE16300085A2FE /* Products */;
			projectDirPath = "";
			projectRoot = "";
			targets = (
				6EF5B9272BEE16300085A2FE /* AirbnbClone */,
			);
		};
/* End PBXProject section */

/* Begin PBXResourcesBuildPhase section */
		6EF5B9262BEE16300085A2FE /* Resources */ = {
			isa = PBXResourcesBuildPhase;
			buildActionMask = 2147483647;
			files = (
				6EF5B9332BEE16320085A2FE /* Preview Assets.xcassets in Resources */,
				6EF5B9302BEE16320085A2FE /* Assets.xcassets in Resources */,
			);
			runOnlyForDeploymentPostprocessing = 0;
		};
/* End PBXResourcesBuildPhase section */

/* Begin PBXSourcesBuildPhase section */
		6EF5B9242BEE16300085A2FE /* Sources */ = {
			isa = PBXSourcesBuildPhase;
			buildActionMask = 2147483647;
			files = (
				6EF5B92E2BEE16300085A2FE /* ContentView.swift in Sources */,
				6EF5B9482BEE20610085A2FE /* ListingItemView.swift in Sources */,
				6EF5B94F2BEF7E330085A2FE /* ListingImageCarousselView.swift in Sources */,
				6EF5B9462BEE1EBB0085A2FE /* ExploreView.swift in Sources */,
				6EF5B94A2BEE43A70085A2FE /* SearchAndFilterBar.swift in Sources */,
				6EF5B94C2BEF7CB20085A2FE /* ListingDetailView.swift in Sources */,
				6EF5B92C2BEE16300085A2FE /* AirbnbCloneApp.swift in Sources */,
			);
			runOnlyForDeploymentPostprocessing = 0;
		};
/* End PBXSourcesBuildPhase section */

/* Begin XCBuildConfiguration section */
		6EF5B9342BEE16320085A2FE /* Debug */ = {
			isa = XCBuildConfiguration;
			buildSettings = {
				ALWAYS_SEARCH_USER_PATHS = NO;
				ASSETCATALOG_COMPILER_GENERATE_SWIFT_ASSET_SYMBOL_EXTENSIONS = YES;
				CLANG_ANALYZER_NONNULL = YES;
				CLANG_ANALYZER_NUMBER_OBJECT_CONVERSION = YES_AGGRESSIVE;
				CLANG_CXX_LANGUAGE_STANDARD = "gnu++20";
				CLANG_ENABLE_MODULES = YES;
				CLANG_ENABLE_OBJC_ARC = YES;
				CLANG_ENABLE_OBJC_WEAK = YES;
				CLANG_WARN_BLOCK_CAPTURE_AUTORELEASING = YES;
				CLANG_WARN_BOOL_CONVERSION = YES;
				CLANG_WARN_COMMA = YES;
				CLANG_WARN_CONSTANT_CONVERSION = YES;
				CLANG_WARN_DEPRECATED_OBJC_IMPLEMENTATIONS = YES;
				CLANG_WARN_DIRECT_OBJC_ISA_USAGE = YES_ERROR;
				CLANG_WARN_DOCUMENTATION_COMMENTS = YES;
				CLANG_WARN_EMPTY_BODY = YES;
				CLANG_WARN_ENUM_CONVERSION = YES;
				CLANG_WARN_INFINITE_RECURSION = YES;
				CLANG_WARN_INT_CONVERSION = YES;
				CLANG_WARN_NON_LITERAL_NULL_CONVERSION = YES;
				CLANG_WARN_OBJC_IMPLICIT_RETAIN_SELF = YES;
				CLANG_WARN_OBJC_LITERAL_CONVERSION = YES;
				CLANG_WARN_OBJC_ROOT_CLASS = YES_ERROR;
				CLANG_WARN_QUOTED_INCLUDE_IN_FRAMEWORK_HEADER = YES;
				CLANG_WARN_RANGE_LOOP_ANALYSIS = YES;
				CLANG_WARN_STRICT_PROTOTYPES = YES;
				CLANG_WARN_SUSPICIOUS_MOVE = YES;
				CLANG_WARN_UNGUARDED_AVAILABILITY = YES_AGGRESSIVE;
				CLANG_WARN_UNREACHABLE_CODE = YES;
				CLANG_WARN__DUPLICATE_METHOD_MATCH = YES;
				COPY_PHASE_STRIP = NO;
				DEBUG_INFORMATION_FORMAT = dwarf;
				ENABLE_STRICT_OBJC_MSGSEND = YES;
				ENABLE_TESTABILITY = YES;
				ENABLE_USER_SCRIPT_SANDBOXING = YES;
				GCC_C_LANGUAGE_STANDARD = gnu17;
				GCC_DYNAMIC_NO_PIC = NO;
				GCC_NO_COMMON_BLOCKS = YES;
				GCC_OPTIMIZATION_LEVEL = 0;
				GCC_PREPROCESSOR_DEFINITIONS = (
					"DEBUG=1",
					"$(inherited)",
				);
				GCC_WARN_64_TO_32_BIT_CONVERSION = YES;
				GCC_WARN_ABOUT_RETURN_TYPE = YES_ERROR;
				GCC_WARN_UNDECLARED_SELECTOR = YES;
				GCC_WARN_UNINITIALIZED_AUTOS = YES_AGGRESSIVE;
				GCC_WARN_UNUSED_FUNCTION = YES;
				GCC_WARN_UNUSED_VARIABLE = YES;
				IPHONEOS_DEPLOYMENT_TARGET = 17.4;
				LOCALIZATION_PREFERS_STRING_CATALOGS = YES;
				MTL_ENABLE_DEBUG_INFO = INCLUDE_SOURCE;
				MTL_FAST_MATH = YES;
				ONLY_ACTIVE_ARCH = YES;
				SDKROOT = iphoneos;
				SWIFT_ACTIVE_COMPILATION_CONDITIONS = "DEBUG $(inherited)";
				SWIFT_OPTIMIZATION_LEVEL = "-Onone";
			};
			name = Debug;
		};
		6EF5B9352BEE16320085A2FE /* Release */ = {
			isa = XCBuildConfiguration;
			buildSettings = {
				ALWAYS_SEARCH_USER_PATHS = NO;
				ASSETCATALOG_COMPILER_GENERATE_SWIFT_ASSET_SYMBOL_EXTENSIONS = YES;
				CLANG_ANALYZER_NONNULL = YES;
				CLANG_ANALYZER_NUMBER_OBJECT_CONVERSION = YES_AGGRESSIVE;
				CLANG_CXX_LANGUAGE_STANDARD = "gnu++20";
				CLANG_ENABLE_MODULES = YES;
				CLANG_ENABLE_OBJC_ARC = YES;
				CLANG_ENABLE_OBJC_WEAK = YES;
				CLANG_WARN_BLOCK_CAPTURE_AUTORELEASING = YES;
				CLANG_WARN_BOOL_CONVERSION = YES;
				CLANG_WARN_COMMA = YES;
				CLANG_WARN_CONSTANT_CONVERSION = YES;
				CLANG_WARN_DEPRECATED_OBJC_IMPLEMENTATIONS = YES;
				CLANG_WARN_DIRECT_OBJC_ISA_USAGE = YES_ERROR;
				CLANG_WARN_DOCUMENTATION_COMMENTS = YES;
				CLANG_WARN_EMPTY_BODY = YES;
				CLANG_WARN_ENUM_CONVERSION = YES;
				CLANG_WARN_INFINITE_RECURSION = YES;
				CLANG_WARN_INT_CONVERSION = YES;
				CLANG_WARN_NON_LITERAL_NULL_CONVERSION = YES;
				CLANG_WARN_OBJC_IMPLICIT_RETAIN_SELF = YES;
				CLANG_WARN_OBJC_LITERAL_CONVERSION = YES;
				CLANG_WARN_OBJC_ROOT_CLASS = YES_ERROR;
				CLANG_WARN_QUOTED_INCLUDE_IN_FRAMEWORK_HEADER = YES;
				CLANG_WARN_RANGE_LOOP_ANALYSIS = YES;
				CLANG_WARN_STRICT_PROTOTYPES = YES;
				CLANG_WARN_SUSPICIOUS_MOVE = YES;
				CLANG_WARN_UNGUARDED_AVAILABILITY = YES_AGGRESSIVE;
				CLANG_WARN_UNREACHABLE_CODE = YES;
				CLANG_WARN__DUPLICATE_METHOD_MATCH = YES;
				COPY_PHASE_STRIP = NO;
				DEBUG_INFORMATION_FORMAT = "dwarf-with-dsym";
				ENABLE_NS_ASSERTIONS = NO;
				ENABLE_STRICT_OBJC_MSGSEND = YES;
				ENABLE_USER_SCRIPT_SANDBOXING = YES;
				GCC_C_LANGUAGE_STANDARD = gnu17;
				GCC_NO_COMMON_BLOCKS = YES;
				GCC_WARN_64_TO_32_BIT_CONVERSION = YES;
				GCC_WARN_ABOUT_RETURN_TYPE = YES_ERROR;
				GCC_WARN_UNDECLARED_SELECTOR = YES;
				GCC_WARN_UNINITIALIZED_AUTOS = YES_AGGRESSIVE;
				GCC_WARN_UNUSED_FUNCTION = YES;
				GCC_WARN_UNUSED_VARIABLE = YES;
				IPHONEOS_DEPLOYMENT_TARGET = 17.4;
				LOCALIZATION_PREFERS_STRING_CATALOGS = YES;
				MTL_ENABLE_DEBUG_INFO = NO;
				MTL_FAST_MATH = YES;
				SDKROOT = iphoneos;
				SWIFT_COMPILATION_MODE = wholemodule;
				VALIDATE_PRODUCT = YES;
			};
			name = Release;
		};
		6EF5B9372BEE16320085A2FE /* Debug */ = {
			isa = XCBuildConfiguration;
			buildSettings = {
				ASSETCATALOG_COMPILER_APPICON_NAME = AppIcon;
				ASSETCATALOG_COMPILER_GLOBAL_ACCENT_COLOR_NAME = AccentColor;
				CODE_SIGN_STYLE = Automatic;
				CURRENT_PROJECT_VERSION = 1;
				DEVELOPMENT_ASSET_PATHS = "\"AirbnbClone/Preview Content\"";
				DEVELOPMENT_TEAM = NH322A5M6D;
				ENABLE_PREVIEWS = YES;
				GENERATE_INFOPLIST_FILE = YES;
				INFOPLIST_KEY_UIApplicationSceneManifest_Generation = YES;
				INFOPLIST_KEY_UIApplicationSupportsIndirectInputEvents = YES;
				INFOPLIST_KEY_UILaunchScreen_Generation = YES;
				INFOPLIST_KEY_UISupportedInterfaceOrientations_iPad = "UIInterfaceOrientationPortrait UIInterfaceOrientationPortraitUpsideDown UIInterfaceOrientationLandscapeLeft UIInterfaceOrientationLandscapeRight";
				INFOPLIST_KEY_UISupportedInterfaceOrientations_iPhone = "UIInterfaceOrientationPortrait UIInterfaceOrientationLandscapeLeft UIInterfaceOrientationLandscapeRight";
				LD_RUNPATH_SEARCH_PATHS = (
					"$(inherited)",
					"@executable_path/Frameworks",
				);
				MARKETING_VERSION = 1.0;
				PRODUCT_BUNDLE_IDENTIFIER = com.LorenzoM.AirbnbClone;
				PRODUCT_NAME = "$(TARGET_NAME)";
				SWIFT_EMIT_LOC_STRINGS = YES;
				SWIFT_VERSION = 5.0;
				TARGETED_DEVICE_FAMILY = "1,2";
			};
			name = Debug;
		};
		6EF5B9382BEE16320085A2FE /* Release */ = {
			isa = XCBuildConfiguration;
			buildSettings = {
				ASSETCATALOG_COMPILER_APPICON_NAME = AppIcon;
				ASSETCATALOG_COMPILER_GLOBAL_ACCENT_COLOR_NAME = AccentColor;
				CODE_SIGN_STYLE = Automatic;
				CURRENT_PROJECT_VERSION = 1;
				DEVELOPMENT_ASSET_PATHS = "\"AirbnbClone/Preview Content\"";
				DEVELOPMENT_TEAM = NH322A5M6D;
				ENABLE_PREVIEWS = YES;
				GENERATE_INFOPLIST_FILE = YES;
				INFOPLIST_KEY_UIApplicationSceneManifest_Generation = YES;
				INFOPLIST_KEY_UIApplicationSupportsIndirectInputEvents = YES;
				INFOPLIST_KEY_UILaunchScreen_Generation = YES;
				INFOPLIST_KEY_UISupportedInterfaceOrientations_iPad = "UIInterfaceOrientationPortrait UIInterfaceOrientationPortraitUpsideDown UIInterfaceOrientationLandscapeLeft UIInterfaceOrientationLandscapeRight";
				INFOPLIST_KEY_UISupportedInterfaceOrientations_iPhone = "UIInterfaceOrientationPortrait UIInterfaceOrientationLandscapeLeft UIInterfaceOrientationLandscapeRight";
				LD_RUNPATH_SEARCH_PATHS = (
					"$(inherited)",
					"@executable_path/Frameworks",
				);
				MARKETING_VERSION = 1.0;
				PRODUCT_BUNDLE_IDENTIFIER = com.LorenzoM.AirbnbClone;
				PRODUCT_NAME = "$(TARGET_NAME)";
				SWIFT_EMIT_LOC_STRINGS = YES;
				SWIFT_VERSION = 5.0;
				TARGETED_DEVICE_FAMILY = "1,2";
			};
			name = Release;
		};
/* End XCBuildConfiguration section */

/* Begin XCConfigurationList section */
		6EF5B9232BEE16300085A2FE /* Build configuration list for PBXProject "AirbnbClone" */ = {
			isa = XCConfigurationList;
			buildConfigurations = (
				6EF5B9342BEE16320085A2FE /* Debug */,
				6EF5B9352BEE16320085A2FE /* Release */,
			);
			defaultConfigurationIsVisible = 0;
			defaultConfigurationName = Release;
		};
		6EF5B9362BEE16320085A2FE /* Build configuration list for PBXNativeTarget "AirbnbClone" */ = {
			isa = XCConfigurationList;
			buildConfigurations = (
				6EF5B9372BEE16320085A2FE /* Debug */,
				6EF5B9382BEE16320085A2FE /* Release */,
			);
			defaultConfigurationIsVisible = 0;
			defaultConfigurationName = Release;
		};
/* End XCConfigurationList section */
	};
	rootObject = 6EF5B9202BEE16300085A2FE /* Project object */;
}
